{
  "name": "Nextjs Web Scraping",
  "lockfileVersion": 3,
  "requires": true,
  "packages": {
    "": {
      "dependencies": {
        "annyang": "^2.6.1"
      }
    },
    "node_modules/annyang": {
      "version": "2.6.1",
      "resolved": "https://registry.npmjs.org/annyang/-/annyang-2.6.1.tgz",
      "integrity": "sha512-KfO6FVFmE7H7epXgAWRoGITShVqsDs6zLKuTxDiJHZmAVnpKeUAKiMUIr7hDXbNUOqRIB3RVTQQd/Yaf4ULauw=="
    }
  }
}
